
Microsoft Visual Studio Solution File, Format Version 12.00
# Visual Studio Version 17
VisualStudioVersion = 17.2.32630.192
MinimumVisualStudioVersion = 10.0.40219.1
Project("{8BC9CEB8-8B4A-11D0-8D11-00A0C91BC942}") = "learn cpp", "learn cpp.vcxproj", "{426FF28C-3F50-49AD-87F9-8A08B9CF9C8F}"
EndProject
Global
	GlobalSection(SolutionConfigurationPlatforms) = preSolution
		Debug|x64 = Debug|x64
		Debug|x86 = Debug|x86
		Release|x64 = Release|x64
		Release|x86 = Release|x86
	EndGlobalSection
	GlobalSection(ProjectConfigurationPlatforms) = postSolution
		{426FF28C-3F50-49AD-87F9-8A08B9CF9C8F}.Debug|x64.ActiveCfg = Debug|x64
		{426FF28C-3F50-49AD-87F9-8A08B9CF9C8F}.Debug|x64.Build.0 = Debug|x64
		{426FF28C-3F50-49AD-87F9-8A08B9CF9C8F}.Debug|x86.ActiveCfg = Debug|Win32
		{426FF28C-3F50-49AD-87F9-8A08B9CF9C8F}.Debug|x86.Build.0 = Debug|Win32
		{426FF28C-3F50-49AD-87F9-8A08B9CF9C8F}.Release|x64.ActiveCfg = Release|x64
		{426FF28C-3F50-49AD-87F9-8A08B9CF9C8F}.Release|x64.Build.0 = Release|x64
		{426FF28C-3F50-49AD-87F9-8A08B9CF9C8F}.Release|x86.ActiveCfg = Release|Win32
		{426FF28C-3F50-49AD-87F9-8A08B9CF9C8F}.Release|x86.Build.0 = Release|Win32
	EndGlobalSection
	GlobalSection(SolutionProperties) = preSolution
		HideSolutionNode = FALSE
	EndGlobalSection
	GlobalSection(ExtensibilityGlobals) = postSolution
		SolutionGuid = {5555941F-9CA0-4FFF-A390-637575C23FDC}
	EndGlobalSection
EndGlobal
